<?xml version="1.0" encoding="utf-8"?>
<Project ToolsVersion="4.0" xmlns="http://schemas.microsoft.com/developer/msbuild/2003">
  <ItemGroup>
    <Filter Include="源文件">
      <UniqueIdentifier>{4FC737F1-C7A5-4376-A066-2A32D752A2FF}</UniqueIdentifier>
      <Extensions>cpp;c;cc;cxx;def;odl;idl;hpj;bat;asm;asmx</Extensions>
    </Filter>
    <Filter Include="头文件">
      <UniqueIdentifier>{93995380-89BD-4b04-88EB-625FBE52EBFB}</UniqueIdentifier>
      <Extensions>h;hh;hpp;hxx;hm;inl;inc;ipp;xsd</Extensions>
    </Filter>
    <Filter Include="资源文件">
      <UniqueIdentifier>{67DA6AB6-F800-4c08-8B7A-83BB121AAD01}</UniqueIdentifier>
      <Extensions>rc;ico;cur;bmp;dlg;rc2;rct;bin;rgs;gif;jpg;jpeg;jpe;resx;tiff;tif;png;wav;mfcribbon-ms</Extensions>
    </Filter>
    <Filter Include="Third">
      <UniqueIdentifier>{ba8b43ae-ada6-44b3-9e6c-8de2a50ff45c}</UniqueIdentifier>
    </Filter>
    <Filter Include="Mine">
      <UniqueIdentifier>{06e1bbac-b779-4e4b-8f1a-015bc1eb41c4}</UniqueIdentifier>
    </Filter>
  </ItemGroup>
  <ItemGroup>
    <ClInclude Include="AudioDlg.h">
      <Filter>头文件</Filter>
    </ClInclude>
    <ClInclude Include="AudioDlgDlg.h">
      <Filter>头文件</Filter>
    </ClInclude>
    <ClInclude Include="stdafx.h">
      <Filter>头文件</Filter>
    </ClInclude>
    <ClInclude Include="targetver.h">
      <Filter>头文件</Filter>
    </ClInclude>
    <ClInclude Include="Resource.h">
      <Filter>头文件</Filter>
    </ClInclude>
    <ClInclude Include="ControlAudio.h">
      <Filter>Mine</Filter>
    </ClInclude>
    <ClInclude Include="MsgQueue.h">
      <Filter>Mine</Filter>
    </ClInclude>
    <ClInclude Include="tinystr.h">
      <Filter>Third</Filter>
    </ClInclude>
    <ClInclude Include="tinyxml.h">
      <Filter>Third</Filter>
    </ClInclude>
  </ItemGroup>
  <ItemGroup>
    <ClCompile Include="AudioDlg.cpp">
      <Filter>源文件</Filter>
    </ClCompile>
    <ClCompile Include="AudioDlgDlg.cpp">
      <Filter>源文件</Filter>
    </ClCompile>
    <ClCompile Include="stdafx.cpp">
      <Filter>源文件</Filter>
    </ClCompile>
    <ClCompile Include="ControlAudio.cpp">
      <Filter>Mine</Filter>
    </ClCompile>
    <ClCompile Include="MsgQueue.cpp">
      <Filter>Mine</Filter>
    </ClCompile>
    <ClCompile Include="tinystr.cpp">
      <Filter>Third</Filter>
    </ClCompile>
    <ClCompile Include="tinyxml.cpp">
      <Filter>Third</Filter>
    </ClCompile>
    <ClCompile Include="tinyxmlerror.cpp">
      <Filter>Third</Filter>
    </ClCompile>
    <ClCompile Include="tinyxmlparser.cpp">
      <Filter>Third</Filter>
    </ClCompile>
  </ItemGroup>
  <ItemGroup>
    <ResourceCompile Include="AudioDlg.rc">
      <Filter>资源文件</Filter>
    </ResourceCompile>
  </ItemGroup>
  <ItemGroup>
    <None Include="res\AudioDlg.rc2">
      <Filter>资源文件</Filter>
    </None>
  </ItemGroup>
  <ItemGroup>
    <Image Include="res\AudioDlg.ico">
      <Filter>资源文件</Filter>
    </Image>
  </ItemGroup>
</Project>